lockfileVersion: '9.0'

settings:
  autoInstallPeers: true
  excludeLinksFromLockfile: false

importers:

  .:
    dependencies:
      '@hono/zod-openapi':
        specifier: ^0.19.2
        version: 0.19.2(hono@4.7.5)(zod@3.24.2)
      amqplib:
        specifier: ^0.10.7
        version: 0.10.7
      drizzle-orm:
        specifier: ^0.41.0
        version: 0.41.0(mysql2@3.14.0)(postgres@3.4.5)
      hono-pino:
        specifier: ^0.7.2
        version: 0.7.2(hono@4.7.5)(pino@9.6.0)
      mysql2:
        specifier: ^3.14.0
        version: 3.14.0
      node-cron:
        specifier: ^3.0.3
        version: 3.0.3
      postgres:
        specifier: ^3.4.5
        version: 3.4.5

  packages/db:
    devDependencies:
      typescript:
        specifier: ^5.8.2
        version: 5.8.2

  packages/types:
    devDependencies:
      typescript:
        specifier: ^5.8.2
        version: 5.8.2

packages:

  '@asteasolutions/zod-to-openapi@7.3.0':
    resolution: {integrity: sha512-7tE/r1gXwMIvGnXVUdIqUhCU1RevEFC4Jk6Bussa0fk1ecbnnINkZzj1EOAJyE/M3AI25DnHT/zKQL1/FPFi8Q==}
    peerDependencies:
      zod: ^3.20.2

  '@hono/zod-openapi@0.19.2':
    resolution: {integrity: sha512-lkFa6wdQVgY7d7/m++Ixr3hvKCF5Y+zjTIPM37fex5ylCfX53A/W28gZRDuFZx3aR+noKob7lHfwdk9dURLzxw==}
    engines: {node: '>=16.0.0'}
    peerDependencies:
      hono: '>=4.3.6'
      zod: 3.*

  '@hono/zod-validator@0.4.3':
    resolution: {integrity: sha512-xIgMYXDyJ4Hj6ekm9T9Y27s080Nl9NXHcJkOvkXPhubOLj8hZkOL8pDnnXfvCf5xEE8Q4oMFenQUZZREUY2gqQ==}
    peerDependencies:
      hono: '>=3.9.0'
      zod: ^3.19.1

  amqplib@0.10.7:
    resolution: {integrity: sha512-7xPSYKSX2kj/bT6iHZ3MlctzxdCW1Ds9xyN0EmuRi2DZxHztwwoG1YkZrgmLyuPNjfxlRiMdWJPQscmoa3Vgdg==}
    engines: {node: '>=10'}

  atomic-sleep@1.0.0:
    resolution: {integrity: sha512-kNOjDqAh7px0XWNI+4QbzoiR/nTkHAWNud2uvnJquD1/x5a7EQZMJT0AczqK0Qn67oY/TTQ1LbUKajZpp3I9tQ==}
    engines: {node: '>=8.0.0'}

  aws-ssl-profiles@1.1.2:
    resolution: {integrity: sha512-NZKeq9AfyQvEeNlN0zSYAaWrmBffJh3IELMZfRpJVWgrpEbtEpnjvzqBPf+mxoI287JohRDoa+/nsfqqiZmF6g==}
    engines: {node: '>= 6.0.0'}

  buffer-more-ints@1.0.0:
    resolution: {integrity: sha512-EMetuGFz5SLsT0QTnXzINh4Ksr+oo4i+UGTXEshiGCQWnsgSs7ZhJ8fzlwQ+OzEMs0MpDAMr1hxnblp5a4vcHg==}

  defu@6.1.4:
    resolution: {integrity: sha512-mEQCMmwJu317oSz8CwdIOdwf3xMif1ttiM8LTufzc3g6kR+9Pe236twL8j3IYT1F7GfRgGcW6MWxzZjLIkuHIg==}

  denque@2.1.0:
    resolution: {integrity: sha512-HVQE3AAb/pxF8fQAoiqpvg9i3evqug3hoiwakOyZAwJm+6vZehbkYXZ0l4JxS+I3QxM97v5aaRNhj8v5oBhekw==}
    engines: {node: '>=0.10'}

  drizzle-orm@0.41.0:
    resolution: {integrity: sha512-7A4ZxhHk9gdlXmTdPj/lREtP+3u8KvZ4yEN6MYVxBzZGex5Wtdc+CWSbu7btgF6TB0N+MNPrvW7RKBbxJchs/Q==}
    peerDependencies:
      '@aws-sdk/client-rds-data': '>=3'
      '@cloudflare/workers-types': '>=4'
      '@electric-sql/pglite': '>=0.2.0'
      '@libsql/client': '>=0.10.0'
      '@libsql/client-wasm': '>=0.10.0'
      '@neondatabase/serverless': '>=0.10.0'
      '@op-engineering/op-sqlite': '>=2'
      '@opentelemetry/api': ^1.4.1
      '@planetscale/database': '>=1'
      '@prisma/client': '*'
      '@tidbcloud/serverless': '*'
      '@types/better-sqlite3': '*'
      '@types/pg': '*'
      '@types/sql.js': '*'
      '@vercel/postgres': '>=0.8.0'
      '@xata.io/client': '*'
      better-sqlite3: '>=7'
      bun-types: '*'
      expo-sqlite: '>=14.0.0'
      gel: '>=2'
      knex: '*'
      kysely: '*'
      mysql2: '>=2'
      pg: '>=8'
      postgres: '>=3'
      prisma: '*'
      sql.js: '>=1'
      sqlite3: '>=5'
    peerDependenciesMeta:
      '@aws-sdk/client-rds-data':
        optional: true
      '@cloudflare/workers-types':
        optional: true
      '@electric-sql/pglite':
        optional: true
      '@libsql/client':
        optional: true
      '@libsql/client-wasm':
        optional: true
      '@neondatabase/serverless':
        optional: true
      '@op-engineering/op-sqlite':
        optional: true
      '@opentelemetry/api':
        optional: true
      '@planetscale/database':
        optional: true
      '@prisma/client':
        optional: true
      '@tidbcloud/serverless':
        optional: true
      '@types/better-sqlite3':
        optional: true
      '@types/pg':
        optional: true
      '@types/sql.js':
        optional: true
      '@vercel/postgres':
        optional: true
      '@xata.io/client':
        optional: true
      better-sqlite3:
        optional: true
      bun-types:
        optional: true
      expo-sqlite:
        optional: true
      gel:
        optional: true
      knex:
        optional: true
      kysely:
        optional: true
      mysql2:
        optional: true
      pg:
        optional: true
      postgres:
        optional: true
      prisma:
        optional: true
      sql.js:
        optional: true
      sqlite3:
        optional: true

  fast-redact@3.5.0:
    resolution: {integrity: sha512-dwsoQlS7h9hMeYUq1W++23NDcBLV4KqONnITDV9DjfS3q1SgDGVrBdvvTLUotWtPSD7asWDV9/CmsZPy8Hf70A==}
    engines: {node: '>=6'}

  generate-function@2.3.1:
    resolution: {integrity: sha512-eeB5GfMNeevm/GRYq20ShmsaGcmI81kIX2K9XQx5miC8KdHaC6Jm0qQ8ZNeGOi7wYB8OsdxKs+Y2oVuTFuVwKQ==}

  hono-pino@0.7.2:
    resolution: {integrity: sha512-uLJOngId4Ia2eHXnCPE8xpyMVkh+AGxAkHZKgvZk8YkmuTbcVDDUMe7aHMEz+YLqCDgd/Hk9ytVmmoQ8QTUXgQ==}
    engines: {node: '>=18'}
    peerDependencies:
      hono: '>=4.0.0'
      pino: '>=7.1.0'

  hono@4.7.5:
    resolution: {integrity: sha512-fDOK5W2C1vZACsgLONigdZTRZxuBqFtcKh7bUQ5cVSbwI2RWjloJDcgFOVzbQrlI6pCmhlTsVYZ7zpLj4m4qMQ==}
    engines: {node: '>=16.9.0'}

  iconv-lite@0.6.3:
    resolution: {integrity: sha512-4fCk79wshMdzMp2rH06qWrJE4iolqLhCUH+OiuIgU++RB0+94NlDL81atO7GX55uUKueo0txHNtvEyI6D7WdMw==}
    engines: {node: '>=0.10.0'}

  is-property@1.0.2:
    resolution: {integrity: sha512-Ks/IoX00TtClbGQr4TWXemAnktAQvYB7HzcCxDGqEZU6oCmb2INHuOoKxbtR+HFkmYWBKv/dOZtGRiAjDhj92g==}

  long@5.3.1:
    resolution: {integrity: sha512-ka87Jz3gcx/I7Hal94xaN2tZEOPoUOEVftkQqZx2EeQRN7LGdfLlI3FvZ+7WDplm+vK2Urx9ULrvSowtdCieng==}

  lru-cache@7.18.3:
    resolution: {integrity: sha512-jumlc0BIUrS3qJGgIkWZsyfAM7NCWiBcCDhnd+3NNM5KbBmLTgHVfWBcg6W+rLUsIpzpERPsvwUP7CckAQSOoA==}
    engines: {node: '>=12'}

  lru.min@1.1.2:
    resolution: {integrity: sha512-Nv9KddBcQSlQopmBHXSsZVY5xsdlZkdH/Iey0BlcBYggMd4two7cZnKOK9vmy3nY0O5RGH99z1PCeTpPqszUYg==}
    engines: {bun: '>=1.0.0', deno: '>=1.30.0', node: '>=8.0.0'}

  mysql2@3.14.0:
    resolution: {integrity: sha512-8eMhmG6gt/hRkU1G+8KlGOdQi2w+CgtNoD1ksXZq9gQfkfDsX4LHaBwTe1SY0Imx//t2iZA03DFnyYKPinxSRw==}
    engines: {node: '>= 8.0'}

  named-placeholders@1.1.3:
    resolution: {integrity: sha512-eLoBxg6wE/rZkJPhU/xRX1WTpkFEwDJEN96oxFrTsqBdbT5ec295Q+CoHrL9IT0DipqKhmGcaZmwOt8OON5x1w==}
    engines: {node: '>=12.0.0'}

  node-cron@3.0.3:
    resolution: {integrity: sha512-dOal67//nohNgYWb+nWmg5dkFdIwDm8EpeGYMekPMrngV3637lqnX0lbUcCtgibHTz6SEz7DAIjKvKDFYCnO1A==}
    engines: {node: '>=6.0.0'}

  on-exit-leak-free@2.1.2:
    resolution: {integrity: sha512-0eJJY6hXLGf1udHwfNftBqH+g73EU4B504nZeKpz1sYRKafAghwxEJunB2O7rDZkL4PGfsMVnTXZ2EjibbqcsA==}
    engines: {node: '>=14.0.0'}

  openapi3-ts@4.4.0:
    resolution: {integrity: sha512-9asTNB9IkKEzWMcHmVZE7Ts3kC9G7AFHfs8i7caD8HbI76gEjdkId4z/AkP83xdZsH7PLAnnbl47qZkXuxpArw==}

  pino-abstract-transport@2.0.0:
    resolution: {integrity: sha512-F63x5tizV6WCh4R6RHyi2Ml+M70DNRXt/+HANowMflpgGFMAym/VKm6G7ZOQRjqN7XbGxK1Lg9t6ZrtzOaivMw==}

  pino-std-serializers@7.0.0:
    resolution: {integrity: sha512-e906FRY0+tV27iq4juKzSYPbUj2do2X2JX4EzSca1631EB2QJQUqGbDuERal7LCtOpxl6x3+nvo9NPZcmjkiFA==}

  pino@9.6.0:
    resolution: {integrity: sha512-i85pKRCt4qMjZ1+L7sy2Ag4t1atFcdbEt76+7iRJn1g2BvsnRMGu9p8pivl9fs63M2kF/A0OacFZhTub+m/qMg==}
    hasBin: true

  postgres@3.4.5:
    resolution: {integrity: sha512-cDWgoah1Gez9rN3H4165peY9qfpEo+SA61oQv65O3cRUE1pOEoJWwddwcqKE8XZYjbblOJlYDlLV4h67HrEVDg==}
    engines: {node: '>=12'}

  process-warning@4.0.1:
    resolution: {integrity: sha512-3c2LzQ3rY9d0hc1emcsHhfT9Jwz0cChib/QN89oME2R451w5fy3f0afAhERFZAwrbDU43wk12d0ORBpDVME50Q==}

  querystringify@2.2.0:
    resolution: {integrity: sha512-FIqgj2EUvTa7R50u0rGsyTftzjYmv/a3hO345bZNrqabNqjtgiDMgmo4mkUjd+nzU5oF3dClKqFIPUKybUyqoQ==}

  quick-format-unescaped@4.0.4:
    resolution: {integrity: sha512-tYC1Q1hgyRuHgloV/YXs2w15unPVh8qfu/qCTfhTYamaw7fyhumKa2yGpdSo87vY32rIclj+4fWYQXUMs9EHvg==}

  real-require@0.2.0:
    resolution: {integrity: sha512-57frrGM/OCTLqLOAh0mhVA9VBMHd+9U7Zb2THMGdBUoZVOtGbJzjxsYGDJ3A9AYYCP4hn6y1TVbaOfzWtm5GFg==}
    engines: {node: '>= 12.13.0'}

  requires-port@1.0.0:
    resolution: {integrity: sha512-KigOCHcocU3XODJxsu8i/j8T9tzT4adHiecwORRQ0ZZFcp7ahwXuRU1m+yuO90C5ZUyGeGfocHDI14M3L3yDAQ==}

  safe-stable-stringify@2.5.0:
    resolution: {integrity: sha512-b3rppTKm9T+PsVCBEOUR46GWI7fdOs00VKZ1+9c1EWDaDMvjQc6tUwuFyIprgGgTcWoVHSKrU8H31ZHA2e0RHA==}
    engines: {node: '>=10'}

  safer-buffer@2.1.2:
    resolution: {integrity: sha512-YZo3K82SD7Riyi0E1EQPojLz7kpepnSQI9IyPbHHg1XXXevb5dJI7tpyN2ADxGcQbHG7vcyRHk0cbwqcQriUtg==}

  seq-queue@0.0.5:
    resolution: {integrity: sha512-hr3Wtp/GZIc/6DAGPDcV4/9WoZhjrkXsi5B/07QgX8tsdc6ilr7BFM6PM6rbdAX1kFSDYeZGLipIZZKyQP0O5Q==}

  sonic-boom@4.2.0:
    resolution: {integrity: sha512-INb7TM37/mAcsGmc9hyyI6+QR3rR1zVRu36B0NeGXKnOOLiZOfER5SA+N7X7k3yUYRzLWafduTDvJAfDswwEww==}

  split2@4.2.0:
    resolution: {integrity: sha512-UcjcJOWknrNkF6PLX83qcHM6KHgVKNkV62Y8a5uYDVv9ydGQVwAHMKqHdJje1VTWpljG0WYpCDhrCdAOYH4TWg==}
    engines: {node: '>= 10.x'}

  sqlstring@2.3.3:
    resolution: {integrity: sha512-qC9iz2FlN7DQl3+wjwn3802RTyjCx7sDvfQEXchwa6CWOx07/WVfh91gBmQ9fahw8snwGEWU3xGzOt4tFyHLxg==}
    engines: {node: '>= 0.6'}

  thread-stream@3.1.0:
    resolution: {integrity: sha512-OqyPZ9u96VohAyMfJykzmivOrY2wfMSf3C5TtFJVgN+Hm6aj+voFhlK+kZEIv2FBh1X6Xp3DlnCOfEQ3B2J86A==}

  typescript@5.8.2:
    resolution: {integrity: sha512-aJn6wq13/afZp/jT9QZmwEjDqqvSGp1VT5GVg+f/t6/oVyrgXM6BY1h9BRh/O5p3PlUPAe+WuiEZOmb/49RqoQ==}
    engines: {node: '>=14.17'}
    hasBin: true

  url-parse@1.5.10:
    resolution: {integrity: sha512-WypcfiRhfeUP9vvF0j6rw0J3hrWrw6iZv3+22h6iRMJ/8z1Tj6XfLP4DsUix5MhMPnXpiHDoKyoZ/bdCkwBCiQ==}

  uuid@8.3.2:
    resolution: {integrity: sha512-+NYs2QeMWy+GWFOEm9xnn6HCDp0l7QBD7ml8zLUmJ+93Q5NF0NocErnwkTkXVFNiX3/fpC6afS8Dhb/gz7R7eg==}
    hasBin: true

  yaml@2.7.1:
    resolution: {integrity: sha512-10ULxpnOCQXxJvBgxsn9ptjq6uviG/htZKk9veJGhlqn3w/DxQ631zFF+nlQXLwmImeS5amR2dl2U8sg6U9jsQ==}
    engines: {node: '>= 14'}
    hasBin: true

  zod@3.24.2:
    resolution: {integrity: sha512-lY7CDW43ECgW9u1TcT3IoXHflywfVqDYze4waEz812jR/bZ8FHDsl7pFQoSZTz5N+2NqRXs8GBwnAwo3ZNxqhQ==}

snapshots:

  '@asteasolutions/zod-to-openapi@7.3.0(zod@3.24.2)':
    dependencies:
      openapi3-ts: 4.4.0
      zod: 3.24.2

  '@hono/zod-openapi@0.19.2(hono@4.7.5)(zod@3.24.2)':
    dependencies:
      '@asteasolutions/zod-to-openapi': 7.3.0(zod@3.24.2)
      '@hono/zod-validator': 0.4.3(hono@4.7.5)(zod@3.24.2)
      hono: 4.7.5
      zod: 3.24.2

  '@hono/zod-validator@0.4.3(hono@4.7.5)(zod@3.24.2)':
    dependencies:
      hono: 4.7.5
      zod: 3.24.2

  amqplib@0.10.7:
    dependencies:
      buffer-more-ints: 1.0.0
      url-parse: 1.5.10

  atomic-sleep@1.0.0: {}

  aws-ssl-profiles@1.1.2: {}

  buffer-more-ints@1.0.0: {}

  defu@6.1.4: {}

  denque@2.1.0: {}

  drizzle-orm@0.41.0(mysql2@3.14.0)(postgres@3.4.5):
    optionalDependencies:
      mysql2: 3.14.0
      postgres: 3.4.5

  fast-redact@3.5.0: {}

  generate-function@2.3.1:
    dependencies:
      is-property: 1.0.2

  hono-pino@0.7.2(hono@4.7.5)(pino@9.6.0):
    dependencies:
      defu: 6.1.4
      hono: 4.7.5
      pino: 9.6.0

  hono@4.7.5: {}

  iconv-lite@0.6.3:
    dependencies:
      safer-buffer: 2.1.2

  is-property@1.0.2: {}

  long@5.3.1: {}

  lru-cache@7.18.3: {}

  lru.min@1.1.2: {}

  mysql2@3.14.0:
    dependencies:
      aws-ssl-profiles: 1.1.2
      denque: 2.1.0
      generate-function: 2.3.1
      iconv-lite: 0.6.3
      long: 5.3.1
      lru.min: 1.1.2
      named-placeholders: 1.1.3
      seq-queue: 0.0.5
      sqlstring: 2.3.3

  named-placeholders@1.1.3:
    dependencies:
      lru-cache: 7.18.3

  node-cron@3.0.3:
    dependencies:
      uuid: 8.3.2

  on-exit-leak-free@2.1.2: {}

  openapi3-ts@4.4.0:
    dependencies:
      yaml: 2.7.1

  pino-abstract-transport@2.0.0:
    dependencies:
      split2: 4.2.0

  pino-std-serializers@7.0.0: {}

  pino@9.6.0:
    dependencies:
      atomic-sleep: 1.0.0
      fast-redact: 3.5.0
      on-exit-leak-free: 2.1.2
      pino-abstract-transport: 2.0.0
      pino-std-serializers: 7.0.0
      process-warning: 4.0.1
      quick-format-unescaped: 4.0.4
      real-require: 0.2.0
      safe-stable-stringify: 2.5.0
      sonic-boom: 4.2.0
      thread-stream: 3.1.0

  postgres@3.4.5: {}

  process-warning@4.0.1: {}

  querystringify@2.2.0: {}

  quick-format-unescaped@4.0.4: {}

  real-require@0.2.0: {}

  requires-port@1.0.0: {}

  safe-stable-stringify@2.5.0: {}

  safer-buffer@2.1.2: {}

  seq-queue@0.0.5: {}

  sonic-boom@4.2.0:
    dependencies:
      atomic-sleep: 1.0.0

  split2@4.2.0: {}

  sqlstring@2.3.3: {}

  thread-stream@3.1.0:
    dependencies:
      real-require: 0.2.0

  typescript@5.8.2: {}

  url-parse@1.5.10:
    dependencies:
      querystringify: 2.2.0
      requires-port: 1.0.0

  uuid@8.3.2: {}

  yaml@2.7.1: {}

  zod@3.24.2: {}
